
Microsoft Visual Studio Solution File, Format Version 12.00
# Visual Studio 14
VisualStudioVersion = 14.0.25420.1
MinimumVisualStudioVersion = 10.0.40219.1
Project("{6989167D-11E4-40FE-8C1A-2192A86A7E90}") = "PAKV", "src\PAKV.vfproj", "{F769B69D-0C81-4B67-B3F9-9F882C239B2B}"
	ProjectSection(ProjectDependencies) = postProject
		{933FEE1C-FEEC-4146-80E1-453E5EB39FDE} = {933FEE1C-FEEC-4146-80E1-453E5EB39FDE}
		{1A0B0B4C-6E8B-4999-8118-171609CF1CEF} = {1A0B0B4C-6E8B-4999-8118-171609CF1CEF}
		{3D52DB52-ED7C-4158-B16A-DE6567AD60E1} = {3D52DB52-ED7C-4158-B16A-DE6567AD60E1}
		{C90FA457-18AF-4563-9E9B-284304B62E74} = {C90FA457-18AF-4563-9E9B-284304B62E74}
		{21B9A470-85FC-4BC2-A8EC-E18420955274} = {21B9A470-85FC-4BC2-A8EC-E18420955274}
		{1557CD89-9E68-4AD7-9763-A1E865AA408B} = {1557CD89-9E68-4AD7-9763-A1E865AA408B}
		{9FE212C3-F32E-4975-9EF1-2347FB6DA0FD} = {9FE212C3-F32E-4975-9EF1-2347FB6DA0FD}
		{DA8FDDC9-4FDE-4AE3-AE7F-79C8B700E9A6} = {DA8FDDC9-4FDE-4AE3-AE7F-79C8B700E9A6}
	EndProjectSection
EndProject
Project("{6989167D-11E4-40FE-8C1A-2192A86A7E90}") = "blacs_mpi", "MUMPS\WinMumps\VisualStudio2005\blacs_mpi.vfproj", "{1557CD89-9E68-4AD7-9763-A1E865AA408B}"
EndProject
Project("{8BC9CEB8-8B4A-11D0-8D11-00A0C91BC942}") = "blacs_mpi_CallFromC", "MUMPS\WinMumps\VisualStudio2005\blacs_mpi_CallFromC.vcxproj", "{C90FA457-18AF-4563-9E9B-284304B62E74}"
EndProject
Project("{8BC9CEB8-8B4A-11D0-8D11-00A0C91BC942}") = "blacs_mpi_CallFromF", "MUMPS\WinMumps\VisualStudio2005\blacs_mpi_CallFromF.vcxproj", "{933FEE1C-FEEC-4146-80E1-453E5EB39FDE}"
EndProject
Project("{8BC9CEB8-8B4A-11D0-8D11-00A0C91BC942}") = "mumps", "MUMPS\WinMumps\VisualStudio2005\mumps.vcxproj", "{1A0B0B4C-6E8B-4999-8118-171609CF1CEF}"
EndProject
Project("{6989167D-11E4-40FE-8C1A-2192A86A7E90}") = "mumps_core_mp", "MUMPS\WinMumps\VisualStudio2005\mumps_core_mp.vfproj", "{3D52DB52-ED7C-4158-B16A-DE6567AD60E1}"
EndProject
Project("{8BC9CEB8-8B4A-11D0-8D11-00A0C91BC942}") = "scalapack", "MUMPS\WinMumps\VisualStudio2005\scalapack.vcxproj", "{21B9A470-85FC-4BC2-A8EC-E18420955274}"
EndProject
Project("{6989167D-11E4-40FE-8C1A-2192A86A7E90}") = "scalapack_core", "MUMPS\WinMumps\VisualStudio2005\scalapack_core.vfproj", "{9FE212C3-F32E-4975-9EF1-2347FB6DA0FD}"
EndProject
Project("{8BC9CEB8-8B4A-11D0-8D11-00A0C91BC942}") = "cplusplus", "src\cplusplus.vcxproj", "{DA8FDDC9-4FDE-4AE3-AE7F-79C8B700E9A6}"
EndProject
Global
	GlobalSection(SolutionConfigurationPlatforms) = preSolution
		Debug|Win32 = Debug|Win32
		Debug|x64 = Debug|x64
		Profile|Win32 = Profile|Win32
		Profile|x64 = Profile|x64
		Release|Win32 = Release|Win32
		Release|x64 = Release|x64
	EndGlobalSection
	GlobalSection(ProjectConfigurationPlatforms) = postSolution
		{F769B69D-0C81-4B67-B3F9-9F882C239B2B}.Debug|Win32.ActiveCfg = Debug|Win32
		{F769B69D-0C81-4B67-B3F9-9F882C239B2B}.Debug|Win32.Build.0 = Debug|Win32
		{F769B69D-0C81-4B67-B3F9-9F882C239B2B}.Debug|x64.ActiveCfg = Debug|x64
		{F769B69D-0C81-4B67-B3F9-9F882C239B2B}.Debug|x64.Build.0 = Debug|x64
		{F769B69D-0C81-4B67-B3F9-9F882C239B2B}.Profile|Win32.ActiveCfg = Release|Win32
		{F769B69D-0C81-4B67-B3F9-9F882C239B2B}.Profile|Win32.Build.0 = Release|Win32
		{F769B69D-0C81-4B67-B3F9-9F882C239B2B}.Profile|x64.ActiveCfg = Release|Win32
		{F769B69D-0C81-4B67-B3F9-9F882C239B2B}.Release|Win32.ActiveCfg = Release|Win32
		{F769B69D-0C81-4B67-B3F9-9F882C239B2B}.Release|Win32.Build.0 = Release|Win32
		{F769B69D-0C81-4B67-B3F9-9F882C239B2B}.Release|x64.ActiveCfg = Release|x64
		{F769B69D-0C81-4B67-B3F9-9F882C239B2B}.Release|x64.Build.0 = Release|x64
		{1557CD89-9E68-4AD7-9763-A1E865AA408B}.Debug|Win32.ActiveCfg = Debug|Win32
		{1557CD89-9E68-4AD7-9763-A1E865AA408B}.Debug|Win32.Build.0 = Debug|Win32
		{1557CD89-9E68-4AD7-9763-A1E865AA408B}.Debug|x64.ActiveCfg = Debug|x64
		{1557CD89-9E68-4AD7-9763-A1E865AA408B}.Debug|x64.Build.0 = Debug|x64
		{1557CD89-9E68-4AD7-9763-A1E865AA408B}.Profile|Win32.ActiveCfg = Profile|Win32
		{1557CD89-9E68-4AD7-9763-A1E865AA408B}.Profile|Win32.Build.0 = Profile|Win32
		{1557CD89-9E68-4AD7-9763-A1E865AA408B}.Profile|x64.ActiveCfg = Profile|x64
		{1557CD89-9E68-4AD7-9763-A1E865AA408B}.Profile|x64.Build.0 = Profile|x64
		{1557CD89-9E68-4AD7-9763-A1E865AA408B}.Release|Win32.ActiveCfg = Release|Win32
		{1557CD89-9E68-4AD7-9763-A1E865AA408B}.Release|Win32.Build.0 = Release|Win32
		{1557CD89-9E68-4AD7-9763-A1E865AA408B}.Release|x64.ActiveCfg = Release|x64
		{1557CD89-9E68-4AD7-9763-A1E865AA408B}.Release|x64.Build.0 = Release|x64
		{C90FA457-18AF-4563-9E9B-284304B62E74}.Debug|Win32.ActiveCfg = Debug|Win32
		{C90FA457-18AF-4563-9E9B-284304B62E74}.Debug|Win32.Build.0 = Debug|Win32
		{C90FA457-18AF-4563-9E9B-284304B62E74}.Debug|x64.ActiveCfg = Debug|x64
		{C90FA457-18AF-4563-9E9B-284304B62E74}.Debug|x64.Build.0 = Debug|x64
		{C90FA457-18AF-4563-9E9B-284304B62E74}.Profile|Win32.ActiveCfg = Profile|Win32
		{C90FA457-18AF-4563-9E9B-284304B62E74}.Profile|Win32.Build.0 = Profile|Win32
		{C90FA457-18AF-4563-9E9B-284304B62E74}.Profile|x64.ActiveCfg = Profile|Win32
		{C90FA457-18AF-4563-9E9B-284304B62E74}.Release|Win32.ActiveCfg = Release|Win32
		{C90FA457-18AF-4563-9E9B-284304B62E74}.Release|Win32.Build.0 = Release|Win32
		{C90FA457-18AF-4563-9E9B-284304B62E74}.Release|x64.ActiveCfg = Release|x64
		{C90FA457-18AF-4563-9E9B-284304B62E74}.Release|x64.Build.0 = Release|x64
		{933FEE1C-FEEC-4146-80E1-453E5EB39FDE}.Debug|Win32.ActiveCfg = Debug|Win32
		{933FEE1C-FEEC-4146-80E1-453E5EB39FDE}.Debug|Win32.Build.0 = Debug|Win32
		{933FEE1C-FEEC-4146-80E1-453E5EB39FDE}.Debug|x64.ActiveCfg = Debug|x64
		{933FEE1C-FEEC-4146-80E1-453E5EB39FDE}.Debug|x64.Build.0 = Debug|x64
		{933FEE1C-FEEC-4146-80E1-453E5EB39FDE}.Profile|Win32.ActiveCfg = Profile|Win32
		{933FEE1C-FEEC-4146-80E1-453E5EB39FDE}.Profile|Win32.Build.0 = Profile|Win32
		{933FEE1C-FEEC-4146-80E1-453E5EB39FDE}.Profile|x64.ActiveCfg = Profile|Win32
		{933FEE1C-FEEC-4146-80E1-453E5EB39FDE}.Release|Win32.ActiveCfg = Release|Win32
		{933FEE1C-FEEC-4146-80E1-453E5EB39FDE}.Release|Win32.Build.0 = Release|Win32
		{933FEE1C-FEEC-4146-80E1-453E5EB39FDE}.Release|x64.ActiveCfg = Release|x64
		{933FEE1C-FEEC-4146-80E1-453E5EB39FDE}.Release|x64.Build.0 = Release|x64
		{1A0B0B4C-6E8B-4999-8118-171609CF1CEF}.Debug|Win32.ActiveCfg = Debug|Win32
		{1A0B0B4C-6E8B-4999-8118-171609CF1CEF}.Debug|Win32.Build.0 = Debug|Win32
		{1A0B0B4C-6E8B-4999-8118-171609CF1CEF}.Debug|x64.ActiveCfg = Debug|x64
		{1A0B0B4C-6E8B-4999-8118-171609CF1CEF}.Debug|x64.Build.0 = Debug|x64
		{1A0B0B4C-6E8B-4999-8118-171609CF1CEF}.Profile|Win32.ActiveCfg = Profile|Win32
		{1A0B0B4C-6E8B-4999-8118-171609CF1CEF}.Profile|Win32.Build.0 = Profile|Win32
		{1A0B0B4C-6E8B-4999-8118-171609CF1CEF}.Profile|x64.ActiveCfg = Profile|Win32
		{1A0B0B4C-6E8B-4999-8118-171609CF1CEF}.Release|Win32.ActiveCfg = Release|Win32
		{1A0B0B4C-6E8B-4999-8118-171609CF1CEF}.Release|Win32.Build.0 = Release|Win32
		{1A0B0B4C-6E8B-4999-8118-171609CF1CEF}.Release|x64.ActiveCfg = Release|x64
		{1A0B0B4C-6E8B-4999-8118-171609CF1CEF}.Release|x64.Build.0 = Release|x64
		{3D52DB52-ED7C-4158-B16A-DE6567AD60E1}.Debug|Win32.ActiveCfg = Debug|Win32
		{3D52DB52-ED7C-4158-B16A-DE6567AD60E1}.Debug|Win32.Build.0 = Debug|Win32
		{3D52DB52-ED7C-4158-B16A-DE6567AD60E1}.Debug|x64.ActiveCfg = Debug|x64
		{3D52DB52-ED7C-4158-B16A-DE6567AD60E1}.Debug|x64.Build.0 = Debug|x64
		{3D52DB52-ED7C-4158-B16A-DE6567AD60E1}.Profile|Win32.ActiveCfg = Profile|Win32
		{3D52DB52-ED7C-4158-B16A-DE6567AD60E1}.Profile|Win32.Build.0 = Profile|Win32
		{3D52DB52-ED7C-4158-B16A-DE6567AD60E1}.Profile|x64.ActiveCfg = Profile|x64
		{3D52DB52-ED7C-4158-B16A-DE6567AD60E1}.Profile|x64.Build.0 = Profile|x64
		{3D52DB52-ED7C-4158-B16A-DE6567AD60E1}.Release|Win32.ActiveCfg = Release|Win32
		{3D52DB52-ED7C-4158-B16A-DE6567AD60E1}.Release|Win32.Build.0 = Release|Win32
		{3D52DB52-ED7C-4158-B16A-DE6567AD60E1}.Release|x64.ActiveCfg = Release|x64
		{3D52DB52-ED7C-4158-B16A-DE6567AD60E1}.Release|x64.Build.0 = Release|x64
		{21B9A470-85FC-4BC2-A8EC-E18420955274}.Debug|Win32.ActiveCfg = Debug|Win32
		{21B9A470-85FC-4BC2-A8EC-E18420955274}.Debug|Win32.Build.0 = Debug|Win32
		{21B9A470-85FC-4BC2-A8EC-E18420955274}.Debug|x64.ActiveCfg = Debug|x64
		{21B9A470-85FC-4BC2-A8EC-E18420955274}.Debug|x64.Build.0 = Debug|x64
		{21B9A470-85FC-4BC2-A8EC-E18420955274}.Profile|Win32.ActiveCfg = Profile|Win32
		{21B9A470-85FC-4BC2-A8EC-E18420955274}.Profile|Win32.Build.0 = Profile|Win32
		{21B9A470-85FC-4BC2-A8EC-E18420955274}.Profile|x64.ActiveCfg = Profile|Win32
		{21B9A470-85FC-4BC2-A8EC-E18420955274}.Release|Win32.ActiveCfg = Release|Win32
		{21B9A470-85FC-4BC2-A8EC-E18420955274}.Release|Win32.Build.0 = Release|Win32
		{21B9A470-85FC-4BC2-A8EC-E18420955274}.Release|x64.ActiveCfg = Release|x64
		{21B9A470-85FC-4BC2-A8EC-E18420955274}.Release|x64.Build.0 = Release|x64
		{9FE212C3-F32E-4975-9EF1-2347FB6DA0FD}.Debug|Win32.ActiveCfg = Debug|Win32
		{9FE212C3-F32E-4975-9EF1-2347FB6DA0FD}.Debug|Win32.Build.0 = Debug|Win32
		{9FE212C3-F32E-4975-9EF1-2347FB6DA0FD}.Debug|x64.ActiveCfg = Debug|x64
		{9FE212C3-F32E-4975-9EF1-2347FB6DA0FD}.Debug|x64.Build.0 = Debug|x64
		{9FE212C3-F32E-4975-9EF1-2347FB6DA0FD}.Profile|Win32.ActiveCfg = Profile|Win32
		{9FE212C3-F32E-4975-9EF1-2347FB6DA0FD}.Profile|Win32.Build.0 = Profile|Win32
		{9FE212C3-F32E-4975-9EF1-2347FB6DA0FD}.Profile|x64.ActiveCfg = Profile|x64
		{9FE212C3-F32E-4975-9EF1-2347FB6DA0FD}.Profile|x64.Build.0 = Profile|x64
		{9FE212C3-F32E-4975-9EF1-2347FB6DA0FD}.Release|Win32.ActiveCfg = Release|Win32
		{9FE212C3-F32E-4975-9EF1-2347FB6DA0FD}.Release|Win32.Build.0 = Release|Win32
		{9FE212C3-F32E-4975-9EF1-2347FB6DA0FD}.Release|x64.ActiveCfg = Release|x64
		{9FE212C3-F32E-4975-9EF1-2347FB6DA0FD}.Release|x64.Build.0 = Release|x64
		{DA8FDDC9-4FDE-4AE3-AE7F-79C8B700E9A6}.Debug|Win32.ActiveCfg = Debug|Win32
		{DA8FDDC9-4FDE-4AE3-AE7F-79C8B700E9A6}.Debug|Win32.Build.0 = Debug|Win32
		{DA8FDDC9-4FDE-4AE3-AE7F-79C8B700E9A6}.Debug|x64.ActiveCfg = Debug|x64
		{DA8FDDC9-4FDE-4AE3-AE7F-79C8B700E9A6}.Debug|x64.Build.0 = Debug|x64
		{DA8FDDC9-4FDE-4AE3-AE7F-79C8B700E9A6}.Profile|Win32.ActiveCfg = Release|Win32
		{DA8FDDC9-4FDE-4AE3-AE7F-79C8B700E9A6}.Profile|Win32.Build.0 = Release|Win32
		{DA8FDDC9-4FDE-4AE3-AE7F-79C8B700E9A6}.Profile|x64.ActiveCfg = Release|x64
		{DA8FDDC9-4FDE-4AE3-AE7F-79C8B700E9A6}.Profile|x64.Build.0 = Release|x64
		{DA8FDDC9-4FDE-4AE3-AE7F-79C8B700E9A6}.Release|Win32.ActiveCfg = Release|Win32
		{DA8FDDC9-4FDE-4AE3-AE7F-79C8B700E9A6}.Release|Win32.Build.0 = Release|Win32
		{DA8FDDC9-4FDE-4AE3-AE7F-79C8B700E9A6}.Release|x64.ActiveCfg = Release|x64
		{DA8FDDC9-4FDE-4AE3-AE7F-79C8B700E9A6}.Release|x64.Build.0 = Release|x64
	EndGlobalSection
	GlobalSection(SolutionProperties) = preSolution
		HideSolutionNode = FALSE
	EndGlobalSection
EndGlobal
