<?xml version="1.0" encoding="utf-8"?>
<Project ToolsVersion="4.0" xmlns="http://schemas.microsoft.com/developer/msbuild/2003">
  <ItemGroup>
    <Filter Include="mumps_sources">
      <UniqueIdentifier>{4FC737F1-C7A5-4376-A066-2A32D752A2FF}</UniqueIdentifier>
      <Extensions>cpp;c;cc;cxx;def;odl;idl;hpj;bat;asm;asmx</Extensions>
    </Filter>
    <Filter Include="mumps_headers">
      <UniqueIdentifier>{93995380-89BD-4b04-88EB-625FBE52EBFB}</UniqueIdentifier>
      <Extensions>h;hpp;hxx;hm;inl;inc;xsd</Extensions>
    </Filter>
    <Filter Include="pord_sources">
      <UniqueIdentifier>{7bfd09b8-292a-4608-bb89-48980bedd692}</UniqueIdentifier>
    </Filter>
    <Filter Include="pord_headers">
      <UniqueIdentifier>{11a847e4-40ab-46ca-9dc8-98dd6aa85fe1}</UniqueIdentifier>
    </Filter>
  </ItemGroup>
  <ItemGroup>
    <ClCompile Include="..\..\src\dmumps_c.c">
      <Filter>mumps_sources</Filter>
    </ClCompile>
    <ClCompile Include="..\..\src\dmumps_io.c">
      <Filter>mumps_sources</Filter>
    </ClCompile>
    <ClCompile Include="..\..\src\dmumps_io_basic.c">
      <Filter>mumps_sources</Filter>
    </ClCompile>
    <ClCompile Include="..\..\src\dmumps_io_err.c">
      <Filter>mumps_sources</Filter>
    </ClCompile>
    <ClCompile Include="..\..\src\dmumps_orderings.c">
      <Filter>mumps_sources</Filter>
    </ClCompile>
    <ClCompile Include="..\..\PORD\lib\bucket.c">
      <Filter>pord_sources</Filter>
    </ClCompile>
    <ClCompile Include="..\..\PORD\lib\ddbisect.c">
      <Filter>pord_sources</Filter>
    </ClCompile>
    <ClCompile Include="..\..\PORD\lib\ddcreate.c">
      <Filter>pord_sources</Filter>
    </ClCompile>
    <ClCompile Include="..\..\PORD\lib\gbipart.c">
      <Filter>pord_sources</Filter>
    </ClCompile>
    <ClCompile Include="..\..\PORD\lib\gbisect.c">
      <Filter>pord_sources</Filter>
    </ClCompile>
    <ClCompile Include="..\..\PORD\lib\gelim.c">
      <Filter>pord_sources</Filter>
    </ClCompile>
    <ClCompile Include="..\..\PORD\lib\graph.c">
      <Filter>pord_sources</Filter>
    </ClCompile>
    <ClCompile Include="..\..\PORD\lib\interface.c">
      <Filter>pord_sources</Filter>
    </ClCompile>
    <ClCompile Include="..\..\PORD\lib\minpriority.c">
      <Filter>pord_sources</Filter>
    </ClCompile>
    <ClCompile Include="..\..\PORD\lib\multisector.c">
      <Filter>pord_sources</Filter>
    </ClCompile>
    <ClCompile Include="..\..\PORD\lib\nestdiss.c">
      <Filter>pord_sources</Filter>
    </ClCompile>
    <ClCompile Include="..\..\PORD\lib\sort.c">
      <Filter>pord_sources</Filter>
    </ClCompile>
    <ClCompile Include="..\..\PORD\lib\symbfac.c">
      <Filter>pord_sources</Filter>
    </ClCompile>
    <ClCompile Include="..\..\PORD\lib\tree.c">
      <Filter>pord_sources</Filter>
    </ClCompile>
  </ItemGroup>
  <ItemGroup>
    <ClInclude Include="..\..\src\dmumps_io.h">
      <Filter>mumps_headers</Filter>
    </ClInclude>
    <ClInclude Include="..\..\src\dmumps_io_basic.h">
      <Filter>mumps_headers</Filter>
    </ClInclude>
    <ClInclude Include="..\..\src\dmumps_io_basic_extern.h">
      <Filter>mumps_headers</Filter>
    </ClInclude>
    <ClInclude Include="..\..\src\dmumps_io_basic_var.h">
      <Filter>mumps_headers</Filter>
    </ClInclude>
    <ClInclude Include="..\..\src\dmumps_io_err.h">
      <Filter>mumps_headers</Filter>
    </ClInclude>
    <ClInclude Include="..\..\src\dmumps_io_err_extern.h">
      <Filter>mumps_headers</Filter>
    </ClInclude>
    <ClInclude Include="..\..\src\dmumps_io_err_var.h">
      <Filter>mumps_headers</Filter>
    </ClInclude>
    <ClInclude Include="..\..\src\dmumps_io_thread.h">
      <Filter>mumps_headers</Filter>
    </ClInclude>
    <ClInclude Include="..\..\src\dmumps_io_thread_extern.h">
      <Filter>mumps_headers</Filter>
    </ClInclude>
    <ClInclude Include="..\..\src\dmumps_io_thread_var.h">
      <Filter>mumps_headers</Filter>
    </ClInclude>
    <ClInclude Include="..\..\src\dmumps_orderings.h">
      <Filter>mumps_headers</Filter>
    </ClInclude>
    <ClInclude Include="..\..\src\mumps_tags.h">
      <Filter>mumps_headers</Filter>
    </ClInclude>
    <ClInclude Include="..\..\PORD\include\const.h">
      <Filter>pord_headers</Filter>
    </ClInclude>
    <ClInclude Include="..\..\PORD\include\eval.h">
      <Filter>pord_headers</Filter>
    </ClInclude>
    <ClInclude Include="..\..\PORD\include\macros.h">
      <Filter>pord_headers</Filter>
    </ClInclude>
    <ClInclude Include="..\..\PORD\include\params.h">
      <Filter>pord_headers</Filter>
    </ClInclude>
    <ClInclude Include="..\..\PORD\include\protos.h">
      <Filter>pord_headers</Filter>
    </ClInclude>
    <ClInclude Include="..\..\PORD\include\space.h">
      <Filter>pord_headers</Filter>
    </ClInclude>
    <ClInclude Include="..\..\PORD\include\types.h">
      <Filter>pord_headers</Filter>
    </ClInclude>
  </ItemGroup>
</Project>